<?xml version="1.0" encoding="utf-8"?>
<Project ToolsVersion="4.0" xmlns="http://schemas.microsoft.com/developer/msbuild/2003">
  <ItemGroup>
    <Filter Include="Source Files">
      <UniqueIdentifier>{4FC737F1-C7A5-4376-A066-2A32D752A2FF}</UniqueIdentifier>
      <Extensions>cpp;c;cc;cxx;def;odl;idl;hpj;bat;asm;asmx</Extensions>
    </Filter>
    <Filter Include="Header Files">
      <UniqueIdentifier>{93995380-89BD-4b04-88EB-625FBE52EBFB}</UniqueIdentifier>
      <Extensions>h;hpp;hxx;hm;inl;inc;xsd</Extensions>
    </Filter>
    <Filter Include="Resource Files">
      <UniqueIdentifier>{67DA6AB6-F800-4c08-8B7A-83BB121AAD01}</UniqueIdentifier>
      <Extensions>rc;ico;cur;bmp;dlg;rc2;rct;bin;rgs;gif;jpg;jpeg;jpe;resx;tiff;tif;png;wav;mfcribbon-ms</Extensions>
    </Filter>
    <Filter Include="Media">
      <UniqueIdentifier>{2f771209-07bf-49c7-947e-5838a4685133}</UniqueIdentifier>
    </Filter>
    <Filter Include="Media\Material">
      <UniqueIdentifier>{230132e6-959f-4c31-af52-f71ada1cdd87}</UniqueIdentifier>
    </Filter>
    <Filter Include="Media\Shader">
      <UniqueIdentifier>{4215aaa4-05fd-46f3-ad61-12bd2402e1b9}</UniqueIdentifier>
    </Filter>
    <Filter Include="Media\AssetSets">
      <UniqueIdentifier>{4e6d9113-313e-4bca-abe0-c48858172fcf}</UniqueIdentifier>
    </Filter>
  </ItemGroup>
  <ItemGroup>
    <None Include="..\SoftwareOcclusionCullingDX.ico">
      <Filter>Resource Files</Filter>
    </None>
    <None Include="..\Media\Castle\Asset\castleLargeOccluders.set">
      <Filter>Media\AssetSets</Filter>
    </None>
    <None Include="..\Media\Castle\Asset\castleSmallDecorations.set">
      <Filter>Media\AssetSets</Filter>
    </None>
    <None Include="..\Media\Castle\Asset\castleSmallDecorationsDebug.set">
      <Filter>Media\AssetSets</Filter>
    </None>
    <None Include="..\Media\Castle\Asset\ground.set">
      <Filter>Media\AssetSets</Filter>
    </None>
    <None Include="..\Media\Castle\Asset\groundDebug.set">
      <Filter>Media\AssetSets</Filter>
    </None>
    <None Include="..\Media\Castle\Asset\marketStalls.set">
      <Filter>Media\AssetSets</Filter>
    </None>
    <None Include="..\Media\Castle\Asset\marketStallsDebug.set">
      <Filter>Media\AssetSets</Filter>
    </None>
    <None Include="..\Media\Castle\Asset\sky.set">
      <Filter>Media\AssetSets</Filter>
    </None>
    <None Include="..\Media\Material\shadowCast.mtl">
      <Filter>Media\Material</Filter>
    </None>
    <None Include="..\Media\Material\showDepthBufScalar.mtl">
      <Filter>Media\Material</Filter>
    </None>
    <None Include="..\Media\Material\showDepthBufSSE.mtl">
      <Filter>Media\Material</Filter>
    </None>
    <None Include="..\Media\Material\sprite.mtl">
      <Filter>Media\Material</Filter>
    </None>
    <None Include="..\Media\Castle\Material\BoundingBox.mtl">
      <Filter>Media\Material</Filter>
    </None>
    <None Include="..\Media\Shader\shadowCast.fx">
      <Filter>Media\Shader</Filter>
    </None>
    <None Include="..\Media\Shader\shadowCast.rs">
      <Filter>Media\Shader</Filter>
    </None>
    <None Include="..\Media\Shader\showDepthBuf.rs">
      <Filter>Media\Shader</Filter>
    </None>
    <None Include="..\Media\Shader\showDepthBufScalar.fx">
      <Filter>Media\Shader</Filter>
    </None>
    <None Include="..\Media\Shader\showDepthBufSSE.fx">
      <Filter>Media\Shader</Filter>
    </None>
    <None Include="..\Media\Shader\Sprite.fx">
      <Filter>Media\Shader</Filter>
    </None>
    <None Include="..\Media\Shader\sprite.rs">
      <Filter>Media\Shader</Filter>
    </None>
  </ItemGroup>
  <ItemGroup>
    <ClInclude Include="..\resource.h">
      <Filter>Header Files</Filter>
    </ClInclude>
    <ClInclude Include="..\SoftwareOcclusionCulling.h">
      <Filter>Header Files</Filter>
    </ClInclude>
  </ItemGroup>
  <ItemGroup>
    <ClCompile Include="..\main.cpp">
      <Filter>Source Files</Filter>
    </ClCompile>
    <ClCompile Include="..\SoftwareOcclusionCulling.cpp">
      <Filter>Source Files</Filter>
    </ClCompile>
  </ItemGroup>
  <ItemGroup>
    <ResourceCompile Include="..\SoftwareOcclusionCullingDX_2010.rc">
      <Filter>Resource Files</Filter>
    </ResourceCompile>
  </ItemGroup>
</Project>