<?xml version="1.0" encoding="utf-8"?>
<Project ToolsVersion="4.0" xmlns="http://schemas.microsoft.com/developer/msbuild/2003">
  <ItemGroup>
    <Filter Include="Source Files">
      <UniqueIdentifier>{4FC737F1-C7A5-4376-A066-2A32D752A2FF}</UniqueIdentifier>
      <Extensions>cpp;c;cc;cxx;def;odl;idl;hpj;bat;asm;asmx</Extensions>
    </Filter>
    <Filter Include="Source Files\Rasterizers">
      <UniqueIdentifier>{f47e8d06-9ece-4ba8-990f-6711f216bedb}</UniqueIdentifier>
    </Filter>
    <Filter Include="Source Files\Common">
      <UniqueIdentifier>{c5b8ebab-9a6c-4950-a7eb-7421f7e985c4}</UniqueIdentifier>
    </Filter>
  </ItemGroup>
  <ItemGroup>
    <ClInclude Include="SoftOcclude.h">
      <Filter>Source Files</Filter>
    </ClInclude>
    <ClInclude Include="Rasterizers\AABBoxRasterizer.h">
      <Filter>Source Files\Rasterizers</Filter>
    </ClInclude>
    <ClInclude Include="Rasterizers\AABBoxRasterizerScalar.h">
      <Filter>Source Files\Rasterizers</Filter>
    </ClInclude>
    <ClInclude Include="Rasterizers\AABBoxRasterizerScalarST.h">
      <Filter>Source Files\Rasterizers</Filter>
    </ClInclude>
    <ClInclude Include="Rasterizers\DepthBufferRasterizer.h">
      <Filter>Source Files\Rasterizers</Filter>
    </ClInclude>
    <ClInclude Include="Rasterizers\DepthBufferRasterizerScalar.h">
      <Filter>Source Files\Rasterizers</Filter>
    </ClInclude>
    <ClInclude Include="Rasterizers\DepthBufferRasterizerScalarST.h">
      <Filter>Source Files\Rasterizers</Filter>
    </ClInclude>
    <ClInclude Include="Common\SoftMath.h">
      <Filter>Source Files\Common</Filter>
    </ClInclude>
    <ClInclude Include="Common\SoftFrustum.h">
      <Filter>Source Files\Common</Filter>
    </ClInclude>
    <ClInclude Include="Common\SoftOccludeeScalar.h">
      <Filter>Source Files\Common</Filter>
    </ClInclude>
    <ClInclude Include="Common\SoftOccluderMeshScalar.h">
      <Filter>Source Files\Common</Filter>
    </ClInclude>
    <ClInclude Include="Common\SoftOccluderScalar.h">
      <Filter>Source Files\Common</Filter>
    </ClInclude>
    <ClInclude Include="Common\Constants.h">
      <Filter>Source Files\Common</Filter>
    </ClInclude>
    <ClInclude Include="Common\HelperScalar.h">
      <Filter>Source Files\Common</Filter>
    </ClInclude>
  </ItemGroup>
  <ItemGroup>
    <ClCompile Include="SoftOcclude.cpp">
      <Filter>Source Files</Filter>
    </ClCompile>
    <ClCompile Include="Rasterizers\AABBoxRasterizer.cpp">
      <Filter>Source Files\Rasterizers</Filter>
    </ClCompile>
    <ClCompile Include="Rasterizers\AABBoxRasterizerScalar.cpp">
      <Filter>Source Files\Rasterizers</Filter>
    </ClCompile>
    <ClCompile Include="Rasterizers\AABBoxRasterizerScalarST.cpp">
      <Filter>Source Files\Rasterizers</Filter>
    </ClCompile>
    <ClCompile Include="Rasterizers\DepthBufferRasterizer.cpp">
      <Filter>Source Files\Rasterizers</Filter>
    </ClCompile>
    <ClCompile Include="Rasterizers\DepthBufferRasterizerScalar.cpp">
      <Filter>Source Files\Rasterizers</Filter>
    </ClCompile>
    <ClCompile Include="Rasterizers\DepthBufferRasterizerScalarST.cpp">
      <Filter>Source Files\Rasterizers</Filter>
    </ClCompile>
    <ClCompile Include="Common\SoftFrustum.cpp">
      <Filter>Source Files\Common</Filter>
    </ClCompile>
    <ClCompile Include="Common\SoftOccludeeScalar.cpp">
      <Filter>Source Files\Common</Filter>
    </ClCompile>
    <ClCompile Include="Common\SoftOccluderMeshScalar.cpp">
      <Filter>Source Files\Common</Filter>
    </ClCompile>
    <ClCompile Include="Common\SoftOccluderScalar.cpp">
      <Filter>Source Files\Common</Filter>
    </ClCompile>
    <ClCompile Include="Common\HelperScalar.cpp">
      <Filter>Source Files\Common</Filter>
    </ClCompile>
  </ItemGroup>
</Project>